// !$*UTF8*$!
{
	archiveVersion = 1;
	classes = {
	};
	objectVersion = 51;
	objects = {

/* Begin PBXBuildFile section */
		0584039533B0488EFA127D66 /* Pods_ParstagramTests.framework in Frameworks */ = {isa = PBXBuildFile; fileRef = 77D05959A97FF919712DDA15 /* Pods_ParstagramTests.framework */; };
		1F2157D82469235200B09F46 /* AppDelegate.swift in Sources */ = {isa = PBXBuildFile; fileRef = 1F2157D72469235200B09F46 /* AppDelegate.swift */; };
		1F2157DA2469235200B09F46 /* SceneDelegate.swift in Sources */ = {isa = PBXBuildFile; fileRef = 1F2157D92469235200B09F46 /* SceneDelegate.swift */; };
		1F2157DF2469235200B09F46 /* Main.storyboard in Resources */ = {isa = PBXBuildFile; fileRef = 1F2157DD2469235200B09F46 /* Main.storyboard */; };
		1F2157E12469235400B09F46 /* Assets.xcassets in Resources */ = {isa = PBXBuildFile; fileRef = 1F2157E02469235400B09F46 /* Assets.xcassets */; };
		1F2157E42469235400B09F46 /* LaunchScreen.storyboard in Resources */ = {isa = PBXBuildFile; fileRef = 1F2157E22469235400B09F46 /* LaunchScreen.storyboard */; };
		1F2157EF2469235400B09F46 /* ParstagramTests.swift in Sources */ = {isa = PBXBuildFile; fileRef = 1F2157EE2469235400B09F46 /* ParstagramTests.swift */; };
		1F2157FA2469235400B09F46 /* ParstagramUITests.swift in Sources */ = {isa = PBXBuildFile; fileRef = 1F2157F92469235400B09F46 /* ParstagramUITests.swift */; };
		1F49339C246BAFC00025F0ED /* LoginViewController.swift in Sources */ = {isa = PBXBuildFile; fileRef = 1F49339B246BAFC00025F0ED /* LoginViewController.swift */; };
		1F49339E246BAFC50025F0ED /* FeedViewController.swift in Sources */ = {isa = PBXBuildFile; fileRef = 1F49339D246BAFC50025F0ED /* FeedViewController.swift */; };
		206918E9FB198C39349F54FC /* Pods_Parstagram_ParstagramUITests.framework in Frameworks */ = {isa = PBXBuildFile; fileRef = 3571D904A15FB0B35AB151C8 /* Pods_Parstagram_ParstagramUITests.framework */; };
		894771772258E9BE1BDCB0BC /* Pods_Parstagram.framework in Frameworks */ = {isa = PBXBuildFile; fileRef = C1E19E8A22B97664C0992F58 /* Pods_Parstagram.framework */; };
/* End PBXBuildFile section */

/* Begin PBXContainerItemProxy section */
		1F2157EB2469235400B09F46 /* PBXContainerItemProxy */ = {
			isa = PBXContainerItemProxy;
			containerPortal = 1F2157CC2469235200B09F46 /* Project object */;
			proxyType = 1;
			remoteGlobalIDString = 1F2157D32469235200B09F46;
			remoteInfo = Parstagram;
		};
		1F2157F62469235400B09F46 /* PBXContainerItemProxy */ = {
			isa = PBXContainerItemProxy;
			containerPortal = 1F2157CC2469235200B09F46 /* Project object */;
			proxyType = 1;
			remoteGlobalIDString = 1F2157D32469235200B09F46;
			remoteInfo = Parstagram;
		};
/* End PBXContainerItemProxy section */

/* Begin PBXFileReference section */
		1F2157D42469235200B09F46 /* Parstagram.app */ = {isa = PBXFileReference; explicitFileType = wrapper.application; includeInIndex = 0; path = Parstagram.app; sourceTree = BUILT_PRODUCTS_DIR; };
		1F2157D72469235200B09F46 /* AppDelegate.swift */ = {isa = PBXFileReference; lastKnownFileType = sourcecode.swift; path = AppDelegate.swift; sourceTree = "<group>"; };
		1F2157D92469235200B09F46 /* SceneDelegate.swift */ = {isa = PBXFileReference; lastKnownFileType = sourcecode.swift; path = SceneDelegate.swift; sourceTree = "<group>"; };
		1F2157DE2469235200B09F46 /* Base */ = {isa = PBXFileReference; lastKnownFileType = file.storyboard; name = Base; path = Base.lproj/Main.storyboard; sourceTree = "<group>"; };
		1F2157E02469235400B09F46 /* Assets.xcassets */ = {isa = PBXFileReference; lastKnownFileType = folder.assetcatalog; path = Assets.xcassets; sourceTree = "<group>"; };
		1F2157E32469235400B09F46 /* Base */ = {isa = PBXFileReference; lastKnownFileType = file.storyboard; name = Base; path = Base.lproj/LaunchScreen.storyboard; sourceTree = "<group>"; };
		1F2157E52469235400B09F46 /* Info.plist */ = {isa = PBXFileReference; lastKnownFileType = text.plist.xml; path = Info.plist; sourceTree = "<group>"; };
		1F2157EA2469235400B09F46 /* ParstagramTests.xctest */ = {isa = PBXFileReference; explicitFileType = wrapper.cfbundle; includeInIndex = 0; path = ParstagramTests.xctest; sourceTree = BUILT_PRODUCTS_DIR; };
		1F2157EE2469235400B09F46 /* ParstagramTests.swift */ = {isa = PBXFileReference; lastKnownFileType = sourcecode.swift; path = ParstagramTests.swift; sourceTree = "<group>"; };
		1F2157F02469235400B09F46 /* Info.plist */ = {isa = PBXFileReference; lastKnownFileType = text.plist.xml; path = Info.plist; sourceTree = "<group>"; };
		1F2157F52469235400B09F46 /* ParstagramUITests.xctest */ = {isa = PBXFileReference; explicitFileType = wrapper.cfbundle; includeInIndex = 0; path = ParstagramUITests.xctest; sourceTree = BUILT_PRODUCTS_DIR; };
		1F2157F92469235400B09F46 /* ParstagramUITests.swift */ = {isa = PBXFileReference; lastKnownFileType = sourcecode.swift; path = ParstagramUITests.swift; sourceTree = "<group>"; };
		1F2157FB2469235400B09F46 /* Info.plist */ = {isa = PBXFileReference; lastKnownFileType = text.plist.xml; path = Info.plist; sourceTree = "<group>"; };
		1F49339B246BAFC00025F0ED /* LoginViewController.swift */ = {isa = PBXFileReference; lastKnownFileType = sourcecode.swift; name = LoginViewController.swift; path = /Users/carlosarteaga/Documents/CodePath/Parstagram/Parstagram/LoginViewController.swift; sourceTree = "<absolute>"; };
		1F49339D246BAFC50025F0ED /* FeedViewController.swift */ = {isa = PBXFileReference; lastKnownFileType = sourcecode.swift; name = FeedViewController.swift; path = /Users/carlosarteaga/Documents/CodePath/Parstagram/Parstagram/FeedViewController.swift; sourceTree = "<absolute>"; };
		3533E3A1BAE7F87F337D76FA /* Pods-ParstagramTests.release.xcconfig */ = {isa = PBXFileReference; includeInIndex = 1; lastKnownFileType = text.xcconfig; name = "Pods-ParstagramTests.release.xcconfig"; path = "Target Support Files/Pods-ParstagramTests/Pods-ParstagramTests.release.xcconfig"; sourceTree = "<group>"; };
		3571D904A15FB0B35AB151C8 /* Pods_Parstagram_ParstagramUITests.framework */ = {isa = PBXFileReference; explicitFileType = wrapper.framework; includeInIndex = 0; path = Pods_Parstagram_ParstagramUITests.framework; sourceTree = BUILT_PRODUCTS_DIR; };
		77D05959A97FF919712DDA15 /* Pods_ParstagramTests.framework */ = {isa = PBXFileReference; explicitFileType = wrapper.framework; includeInIndex = 0; path = Pods_ParstagramTests.framework; sourceTree = BUILT_PRODUCTS_DIR; };
		7A8DA3525EE08181FC1BF073 /* Pods-Parstagram-ParstagramUITests.release.xcconfig */ = {isa = PBXFileReference; includeInIndex = 1; lastKnownFileType = text.xcconfig; name = "Pods-Parstagram-ParstagramUITests.release.xcconfig"; path = "Target Support Files/Pods-Parstagram-ParstagramUITests/Pods-Parstagram-ParstagramUITests.release.xcconfig"; sourceTree = "<group>"; };
		85B9D70D610292BA8A50F3DC /* Pods-Parstagram.debug.xcconfig */ = {isa = PBXFileReference; includeInIndex = 1; lastKnownFileType = text.xcconfig; name = "Pods-Parstagram.debug.xcconfig"; path = "Target Support Files/Pods-Parstagram/Pods-Parstagram.debug.xcconfig"; sourceTree = "<group>"; };
		A7DABE627519BEFD82664B06 /* Pods-Parstagram-ParstagramUITests.debug.xcconfig */ = {isa = PBXFileReference; includeInIndex = 1; lastKnownFileType = text.xcconfig; name = "Pods-Parstagram-ParstagramUITests.debug.xcconfig"; path = "Target Support Files/Pods-Parstagram-ParstagramUITests/Pods-Parstagram-ParstagramUITests.debug.xcconfig"; sourceTree = "<group>"; };
		C1E19E8A22B97664C0992F58 /* Pods_Parstagram.framework */ = {isa = PBXFileReference; explicitFileType = wrapper.framework; includeInIndex = 0; path = Pods_Parstagram.framework; sourceTree = BUILT_PRODUCTS_DIR; };
		E683E7C402D499056C326D32 /* Pods-ParstagramTests.debug.xcconfig */ = {isa = PBXFileReference; includeInIndex = 1; lastKnownFileType = text.xcconfig; name = "Pods-ParstagramTests.debug.xcconfig"; path = "Target Support Files/Pods-ParstagramTests/Pods-ParstagramTests.debug.xcconfig"; sourceTree = "<group>"; };
		EE4FA42AEC0E878DAA2411B1 /* Pods-Parstagram.release.xcconfig */ = {isa = PBXFileReference; includeInIndex = 1; lastKnownFileType = text.xcconfig; name = "Pods-Parstagram.release.xcconfig"; path = "Target Support Files/Pods-Parstagram/Pods-Parstagram.release.xcconfig"; sourceTree = "<group>"; };
/* End PBXFileReference section */

/* Begin PBXFrameworksBuildPhase section */
		1F2157D12469235200B09F46 /* Frameworks */ = {
			isa = PBXFrameworksBuildPhase;
			buildActionMask = 2147483647;
			files = (
				894771772258E9BE1BDCB0BC /* Pods_Parstagram.framework in Frameworks */,
			);
			runOnlyForDeploymentPostprocessing = 0;
		};
		1F2157E72469235400B09F46 /* Frameworks */ = {
			isa = PBXFrameworksBuildPhase;
			buildActionMask = 2147483647;
			files = (
				0584039533B0488EFA127D66 /* Pods_ParstagramTests.framework in Frameworks */,
			);
			runOnlyForDeploymentPostprocessing = 0;
		};
		1F2157F22469235400B09F46 /* Frameworks */ = {
			isa = PBXFrameworksBuildPhase;
			buildActionMask = 2147483647;
			files = (
				206918E9FB198C39349F54FC /* Pods_Parstagram_ParstagramUITests.framework in Frameworks */,
			);
			runOnlyForDeploymentPostprocessing = 0;
		};
/* End PBXFrameworksBuildPhase section */

/* Begin PBXGroup section */
		078DFD7B410EF9F15EAE585C /* Frameworks */ = {
			isa = PBXGroup;
			children = (
				C1E19E8A22B97664C0992F58 /* Pods_Parstagram.framework */,
				3571D904A15FB0B35AB151C8 /* Pods_Parstagram_ParstagramUITests.framework */,
				77D05959A97FF919712DDA15 /* Pods_ParstagramTests.framework */,
			);
			name = Frameworks;
			sourceTree = "<group>";
		};
		1F2157CB2469235100B09F46 = {
			isa = PBXGroup;
			children = (
				1F2157D62469235200B09F46 /* Parstagram */,
				1F2157ED2469235400B09F46 /* ParstagramTests */,
				1F2157F82469235400B09F46 /* ParstagramUITests */,
				1F2157D52469235200B09F46 /* Products */,
				374FA10DCE1B2E74692F719F /* Pods */,
				078DFD7B410EF9F15EAE585C /* Frameworks */,
			);
			sourceTree = "<group>";
		};
		1F2157D52469235200B09F46 /* Products */ = {
			isa = PBXGroup;
			children = (
				1F2157D42469235200B09F46 /* Parstagram.app */,
				1F2157EA2469235400B09F46 /* ParstagramTests.xctest */,
				1F2157F52469235400B09F46 /* ParstagramUITests.xctest */,
			);
			name = Products;
			sourceTree = "<group>";
		};
		1F2157D62469235200B09F46 /* Parstagram */ = {
			isa = PBXGroup;
			children = (
				1F2157D72469235200B09F46 /* AppDelegate.swift */,
				1F2157D92469235200B09F46 /* SceneDelegate.swift */,
				1F2157DD2469235200B09F46 /* Main.storyboard */,
				1F2157E02469235400B09F46 /* Assets.xcassets */,
				1F2157E22469235400B09F46 /* LaunchScreen.storyboard */,
				1F49339D246BAFC50025F0ED /* FeedViewController.swift */,
				1F49339B246BAFC00025F0ED /* LoginViewController.swift */,
				1F2157E52469235400B09F46 /* Info.plist */,
			);
			path = Parstagram;
			sourceTree = "<group>";
		};
		1F2157ED2469235400B09F46 /* ParstagramTests */ = {
			isa = PBXGroup;
			children = (
				1F2157EE2469235400B09F46 /* ParstagramTests.swift */,
				1F2157F02469235400B09F46 /* Info.plist */,
			);
			path = ParstagramTests;
			sourceTree = "<group>";
		};
		1F2157F82469235400B09F46 /* ParstagramUITests */ = {
			isa = PBXGroup;
			children = (
				1F2157F92469235400B09F46 /* ParstagramUITests.swift */,
				1F2157FB2469235400B09F46 /* Info.plist */,
			);
			path = ParstagramUITests;
			sourceTree = "<group>";
		};
		374FA10DCE1B2E74692F719F /* Pods */ = {
			isa = PBXGroup;
			children = (
				85B9D70D610292BA8A50F3DC /* Pods-Parstagram.debug.xcconfig */,
				EE4FA42AEC0E878DAA2411B1 /* Pods-Parstagram.release.xcconfig */,
				A7DABE627519BEFD82664B06 /* Pods-Parstagram-ParstagramUITests.debug.xcconfig */,
				7A8DA3525EE08181FC1BF073 /* Pods-Parstagram-ParstagramUITests.release.xcconfig */,
				E683E7C402D499056C326D32 /* Pods-ParstagramTests.debug.xcconfig */,
				3533E3A1BAE7F87F337D76FA /* Pods-ParstagramTests.release.xcconfig */,
			);
			path = Pods;
			sourceTree = "<group>";
		};
/* End PBXGroup section */

/* Begin PBXNativeTarget section */
		1F2157D32469235200B09F46 /* Parstagram */ = {
			isa = PBXNativeTarget;
			buildConfigurationList = 1F2157FE2469235400B09F46 /* Build configuration list for PBXNativeTarget "Parstagram" */;
			buildPhases = (
				73E4D6D71F888887890B80C2 /* [CP] Check Pods Manifest.lock */,
				1F2157D02469235200B09F46 /* Sources */,
				1F2157D12469235200B09F46 /* Frameworks */,
				1F2157D22469235200B09F46 /* Resources */,
				4979B90A52FA1D2F1E94E5F4 /* [CP] Embed Pods Frameworks */,
			);
			buildRules = (
			);
			dependencies = (
			);
			name = Parstagram;
			productName = Parstagram;
			productReference = 1F2157D42469235200B09F46 /* Parstagram.app */;
			productType = "com.apple.product-type.application";
		};
		1F2157E92469235400B09F46 /* ParstagramTests */ = {
			isa = PBXNativeTarget;
			buildConfigurationList = 1F2158012469235400B09F46 /* Build configuration list for PBXNativeTarget "ParstagramTests" */;
			buildPhases = (
				04B38BE8152E3DAB0AFCD3D9 /* [CP] Check Pods Manifest.lock */,
				1F2157E62469235400B09F46 /* Sources */,
				1F2157E72469235400B09F46 /* Frameworks */,
				1F2157E82469235400B09F46 /* Resources */,
			);
			buildRules = (
			);
			dependencies = (
				1F2157EC2469235400B09F46 /* PBXTargetDependency */,
			);
			name = ParstagramTests;
			productName = ParstagramTests;
			productReference = 1F2157EA2469235400B09F46 /* ParstagramTests.xctest */;
			productType = "com.apple.product-type.bundle.unit-test";
		};
		1F2157F42469235400B09F46 /* ParstagramUITests */ = {
			isa = PBXNativeTarget;
			buildConfigurationList = 1F2158042469235400B09F46 /* Build configuration list for PBXNativeTarget "ParstagramUITests" */;
			buildPhases = (
				491912CAB65856DFBFE647D9 /* [CP] Check Pods Manifest.lock */,
				1F2157F12469235400B09F46 /* Sources */,
				1F2157F22469235400B09F46 /* Frameworks */,
				1F2157F32469235400B09F46 /* Resources */,
				A7973CE638E79B3703EB27F6 /* [CP] Embed Pods Frameworks */,
			);
			buildRules = (
			);
			dependencies = (
				1F2157F72469235400B09F46 /* PBXTargetDependency */,
			);
			name = ParstagramUITests;
			productName = ParstagramUITests;
			productReference = 1F2157F52469235400B09F46 /* ParstagramUITests.xctest */;
			productType = "com.apple.product-type.bundle.ui-testing";
		};
/* End PBXNativeTarget section */

/* Begin PBXProject section */
		1F2157CC2469235200B09F46 /* Project object */ = {
			isa = PBXProject;
			attributes = {
				LastSwiftUpdateCheck = 1140;
				LastUpgradeCheck = 1140;
				ORGANIZATIONNAME = "Carlos Arteaga";
				TargetAttributes = {
					1F2157D32469235200B09F46 = {
						CreatedOnToolsVersion = 11.4;
					};
					1F2157E92469235400B09F46 = {
						CreatedOnToolsVersion = 11.4;
						TestTargetID = 1F2157D32469235200B09F46;
					};
					1F2157F42469235400B09F46 = {
						CreatedOnToolsVersion = 11.4;
						TestTargetID = 1F2157D32469235200B09F46;
					};
				};
			};
			buildConfigurationList = 1F2157CF2469235200B09F46 /* Build configuration list for PBXProject "Parstagram" */;
			compatibilityVersion = "Xcode 9.3";
			developmentRegion = en;
			hasScannedForEncodings = 0;
			knownRegions = (
				en,
				Base,
			);
			mainGroup = 1F2157CB2469235100B09F46;
			productRefGroup = 1F2157D52469235200B09F46 /* Products */;
			projectDirPath = "";
			projectRoot = "";
			targets = (
				1F2157D32469235200B09F46 /* Parstagram */,
				1F2157E92469235400B09F46 /* ParstagramTests */,
				1F2157F42469235400B09F46 /* ParstagramUITests */,
			);
		};
/* End PBXProject section */

/* Begin PBXResourcesBuildPhase section */
		1F2157D22469235200B09F46 /* Resources */ = {
			isa = PBXResourcesBuildPhase;
			buildActionMask = 2147483647;
			files = (
				1F2157E42469235400B09F46 /* LaunchScreen.storyboard in Resources */,
				1F2157E12469235400B09F46 /* Assets.xcassets in Resources */,
				1F2157DF2469235200B09F46 /* Main.storyboard in Resources */,
			);
			runOnlyForDeploymentPostprocessing = 0;
		};
		1F2157E82469235400B09F46 /* Resources */ = {
			isa = PBXResourcesBuildPhase;
			buildActionMask = 2147483647;
			files = (
			);
			runOnlyForDeploymentPostprocessing = 0;
		};
		1F2157F32469235400B09F46 /* Resources */ = {
			isa = PBXResourcesBuildPhase;
			buildActionMask = 2147483647;
			files = (
			);
			runOnlyForDeploymentPostprocessing = 0;
		};
/* End PBXResourcesBuildPhase section */

/* Begin PBXShellScriptBuildPhase section */
		04B38BE8152E3DAB0AFCD3D9 /* [CP] Check Pods Manifest.lock */ = {
			isa = PBXShellScriptBuildPhase;
			buildActionMask = 2147483647;
			files = (
			);
			inputFileListPaths = (
			);
			inputPaths = (
				"${PODS_PODFILE_DIR_PATH}/Podfile.lock",
				"${PODS_ROOT}/Manifest.lock",
			);
			name = "[CP] Check Pods Manifest.lock";
			outputFileListPaths = (
			);
			outputPaths = (
				"$(DERIVED_FILE_DIR)/Pods-ParstagramTests-checkManifestLockResult.txt",
			);
			runOnlyForDeploymentPostprocessing = 0;
			shellPath = /bin/sh;
			shellScript = "diff \"${PODS_PODFILE_DIR_PATH}/Podfile.lock\" \"${PODS_ROOT}/Manifest.lock\" > /dev/null\nif [ $? != 0 ] ; then\n    # print error to STDERR\n    echo \"error: The sandbox is not in sync with the Podfile.lock. Run 'pod install' or update your CocoaPods installation.\" >&2\n    exit 1\nfi\n# This output is used by Xcode 'outputs' to avoid re-running this script phase.\necho \"SUCCESS\" > \"${SCRIPT_OUTPUT_FILE_0}\"\n";
			showEnvVarsInLog = 0;
		};
		491912CAB65856DFBFE647D9 /* [CP] Check Pods Manifest.lock */ = {
			isa = PBXShellScriptBuildPhase;
			buildActionMask = 2147483647;
			files = (
			);
			inputFileListPaths = (
			);
			inputPaths = (
				"${PODS_PODFILE_DIR_PATH}/Podfile.lock",
				"${PODS_ROOT}/Manifest.lock",
			);
			name = "[CP] Check Pods Manifest.lock";
			outputFileListPaths = (
			);
			outputPaths = (
				"$(DERIVED_FILE_DIR)/Pods-Parstagram-ParstagramUITests-checkManifestLockResult.txt",
			);
			runOnlyForDeploymentPostprocessing = 0;
			shellPath = /bin/sh;
			shellScript = "diff \"${PODS_PODFILE_DIR_PATH}/Podfile.lock\" \"${PODS_ROOT}/Manifest.lock\" > /dev/null\nif [ $? != 0 ] ; then\n    # print error to STDERR\n    echo \"error: The sandbox is not in sync with the Podfile.lock. Run 'pod install' or update your CocoaPods installation.\" >&2\n    exit 1\nfi\n# This output is used by Xcode 'outputs' to avoid re-running this script phase.\necho \"SUCCESS\" > \"${SCRIPT_OUTPUT_FILE_0}\"\n";
			showEnvVarsInLog = 0;
		};
		4979B90A52FA1D2F1E94E5F4 /* [CP] Embed Pods Frameworks */ = {
			isa = PBXShellScriptBuildPhase;
			buildActionMask = 2147483647;
			files = (
			);
			inputFileListPaths = (
				"${PODS_ROOT}/Target Support Files/Pods-Parstagram/Pods-Parstagram-frameworks-${CONFIGURATION}-input-files.xcfilelist",
			);
			name = "[CP] Embed Pods Frameworks";
			outputFileListPaths = (
				"${PODS_ROOT}/Target Support Files/Pods-Parstagram/Pods-Parstagram-frameworks-${CONFIGURATION}-output-files.xcfilelist",
			);
			runOnlyForDeploymentPostprocessing = 0;
			shellPath = /bin/sh;
			shellScript = "\"${PODS_ROOT}/Target Support Files/Pods-Parstagram/Pods-Parstagram-frameworks.sh\"\n";
			showEnvVarsInLog = 0;
		};
		73E4D6D71F888887890B80C2 /* [CP] Check Pods Manifest.lock */ = {
			isa = PBXShellScriptBuildPhase;
			buildActionMask = 2147483647;
			files = (
			);
			inputFileListPaths = (
			);
			inputPaths = (
				"${PODS_PODFILE_DIR_PATH}/Podfile.lock",
				"${PODS_ROOT}/Manifest.lock",
			);
			name = "[CP] Check Pods Manifest.lock";
			outputFileListPaths = (
			);
			outputPaths = (
				"$(DERIVED_FILE_DIR)/Pods-Parstagram-checkManifestLockResult.txt",
			);
			runOnlyForDeploymentPostprocessing = 0;
			shellPath = /bin/sh;
			shellScript = "diff \"${PODS_PODFILE_DIR_PATH}/Podfile.lock\" \"${PODS_ROOT}/Manifest.lock\" > /dev/null\nif [ $? != 0 ] ; then\n    # print error to STDERR\n    echo \"error: The sandbox is not in sync with the Podfile.lock. Run 'pod install' or update your CocoaPods installation.\" >&2\n    exit 1\nfi\n# This output is used by Xcode 'outputs' to avoid re-running this script phase.\necho \"SUCCESS\" > \"${SCRIPT_OUTPUT_FILE_0}\"\n";
			showEnvVarsInLog = 0;
		};
		A7973CE638E79B3703EB27F6 /* [CP] Embed Pods Frameworks */ = {
			isa = PBXShellScriptBuildPhase;
			buildActionMask = 2147483647;
			files = (
			);
			inputFileListPaths = (
				"${PODS_ROOT}/Target Support Files/Pods-Parstagram-ParstagramUITests/Pods-Parstagram-ParstagramUITests-frameworks-${CONFIGURATION}-input-files.xcfilelist",
			);
			name = "[CP] Embed Pods Frameworks";
			outputFileListPaths = (
				"${PODS_ROOT}/Target Support Files/Pods-Parstagram-ParstagramUITests/Pods-Parstagram-ParstagramUITests-frameworks-${CONFIGURATION}-output-files.xcfilelist",
			);
			runOnlyForDeploymentPostprocessing = 0;
			shellPath = /bin/sh;
			shellScript = "\"${PODS_ROOT}/Target Support Files/Pods-Parstagram-ParstagramUITests/Pods-Parstagram-ParstagramUITests-frameworks.sh\"\n";
			showEnvVarsInLog = 0;
		};
/* End PBXShellScriptBuildPhase section */

/* Begin PBXSourcesBuildPhase section */
		1F2157D02469235200B09F46 /* Sources */ = {
			isa = PBXSourcesBuildPhase;
			buildActionMask = 2147483647;
			files = (
				1F49339C246BAFC00025F0ED /* LoginViewController.swift in Sources */,
				1F2157D82469235200B09F46 /* AppDelegate.swift in Sources */,
				1F49339E246BAFC50025F0ED /* FeedViewController.swift in Sources */,
				1F2157DA2469235200B09F46 /* SceneDelegate.swift in Sources */,
			);
			runOnlyForDeploymentPostprocessing = 0;
		};
		1F2157E62469235400B09F46 /* Sources */ = {
			isa = PBXSourcesBuildPhase;
			buildActionMask = 2147483647;
			files = (
				1F2157EF2469235400B09F46 /* ParstagramTests.swift in Sources */,
			);
			runOnlyForDeploymentPostprocessing = 0;
		};
		1F2157F12469235400B09F46 /* Sources */ = {
			isa = PBXSourcesBuildPhase;
			buildActionMask = 2147483647;
			files = (
				1F2157FA2469235400B09F46 /* ParstagramUITests.swift in Sources */,
			);
			runOnlyForDeploymentPostprocessing = 0;
		};
/* End PBXSourcesBuildPhase section */

/* Begin PBXTargetDependency section */
		1F2157EC2469235400B09F46 /* PBXTargetDependency */ = {
			isa = PBXTargetDependency;
			target = 1F2157D32469235200B09F46 /* Parstagram */;
			targetProxy = 1F2157EB2469235400B09F46 /* PBXContainerItemProxy */;
		};
		1F2157F72469235400B09F46 /* PBXTargetDependency */ = {
			isa = PBXTargetDependency;
			target = 1F2157D32469235200B09F46 /* Parstagram */;
			targetProxy = 1F2157F62469235400B09F46 /* PBXContainerItemProxy */;
		};
/* End PBXTargetDependency section */

/* Begin PBXVariantGroup section */
		1F2157DD2469235200B09F46 /* Main.storyboard */ = {
			isa = PBXVariantGroup;
			children = (
				1F2157DE2469235200B09F46 /* Base */,
			);
			name = Main.storyboard;
			sourceTree = "<group>";
		};
		1F2157E22469235400B09F46 /* LaunchScreen.storyboard */ = {
			isa = PBXVariantGroup;
			children = (
				1F2157E32469235400B09F46 /* Base */,
			);
			name = LaunchScreen.storyboard;
			sourceTree = "<group>";
		};
/* End PBXVariantGroup section */

/* Begin XCBuildConfiguration section */
		1F2157FC2469235400B09F46 /* Debug */ = {
			isa = XCBuildConfiguration;
			buildSettings = {
				ALWAYS_SEARCH_USER_PATHS = NO;
				CLANG_ANALYZER_NONNULL = YES;
				CLANG_ANALYZER_NUMBER_OBJECT_CONVERSION = YES_AGGRESSIVE;
				CLANG_CXX_LANGUAGE_STANDARD = "gnu++14";
				CLANG_CXX_LIBRARY = "libc++";
				CLANG_ENABLE_MODULES = YES;
				CLANG_ENABLE_OBJC_ARC = YES;
				CLANG_ENABLE_OBJC_WEAK = YES;
				CLANG_WARN_BLOCK_CAPTURE_AUTORELEASING = YES;
				CLANG_WARN_BOOL_CONVERSION = YES;
				CLANG_WARN_COMMA = YES;
				CLANG_WARN_CONSTANT_CONVERSION = YES;
				CLANG_WARN_DEPRECATED_OBJC_IMPLEMENTATIONS = YES;
				CLANG_WARN_DIRECT_OBJC_ISA_USAGE = YES_ERROR;
				CLANG_WARN_DOCUMENTATION_COMMENTS = YES;
				CLANG_WARN_EMPTY_BODY = YES;
				CLANG_WARN_ENUM_CONVERSION = YES;
				CLANG_WARN_INFINITE_RECURSION = YES;
				CLANG_WARN_INT_CONVERSION = YES;
				CLANG_WARN_NON_LITERAL_NULL_CONVERSION = YES;
				CLANG_WARN_OBJC_IMPLICIT_RETAIN_SELF = YES;
				CLANG_WARN_OBJC_LITERAL_CONVERSION = YES;
				CLANG_WARN_OBJC_ROOT_CLASS = YES_ERROR;
				CLANG_WARN_RANGE_LOOP_ANALYSIS = YES;
				CLANG_WARN_STRICT_PROTOTYPES = YES;
				CLANG_WARN_SUSPICIOUS_MOVE = YES;
				CLANG_WARN_UNGUARDED_AVAILABILITY = YES_AGGRESSIVE;
				CLANG_WARN_UNREACHABLE_CODE = YES;
				CLANG_WARN__DUPLICATE_METHOD_MATCH = YES;
				COPY_PHASE_STRIP = NO;
				DEBUG_INFORMATION_FORMAT = dwarf;
				ENABLE_STRICT_OBJC_MSGSEND = YES;
				ENABLE_TESTABILITY = YES;
				GCC_C_LANGUAGE_STANDARD = gnu11;
				GCC_DYNAMIC_NO_PIC = NO;
				GCC_NO_COMMON_BLOCKS = YES;
				GCC_OPTIMIZATION_LEVEL = 0;
				GCC_PREPROCESSOR_DEFINITIONS = (
					"DEBUG=1",
					"$(inherited)",
				);
				GCC_WARN_64_TO_32_BIT_CONVERSION = YES;
				GCC_WARN_ABOUT_RETURN_TYPE = YES_ERROR;
				GCC_WARN_UNDECLARED_SELECTOR = YES;
				GCC_WARN_UNINITIALIZED_AUTOS = YES_AGGRESSIVE;
				GCC_WARN_UNUSED_FUNCTION = YES;
				GCC_WARN_UNUSED_VARIABLE = YES;
				IPHONEOS_DEPLOYMENT_TARGET = 13.4;
				MTL_ENABLE_DEBUG_INFO = INCLUDE_SOURCE;
				MTL_FAST_MATH = YES;
				ONLY_ACTIVE_ARCH = YES;
				SDKROOT = iphoneos;
				SWIFT_ACTIVE_COMPILATION_CONDITIONS = DEBUG;
				SWIFT_OPTIMIZATION_LEVEL = "-Onone";
			};
			name = Debug;
		};
		1F2157FD2469235400B09F46 /* Release */ = {
			isa = XCBuildConfiguration;
			buildSettings = {
				ALWAYS_SEARCH_USER_PATHS = NO;
				CLANG_ANALYZER_NONNULL = YES;
				CLANG_ANALYZER_NUMBER_OBJECT_CONVERSION = YES_AGGRESSIVE;
				CLANG_CXX_LANGUAGE_STANDARD = "gnu++14";
				CLANG_CXX_LIBRARY = "libc++";
				CLANG_ENABLE_MODULES = YES;
				CLANG_ENABLE_OBJC_ARC = YES;
				CLANG_ENABLE_OBJC_WEAK = YES;
				CLANG_WARN_BLOCK_CAPTURE_AUTORELEASING = YES;
				CLANG_WARN_BOOL_CONVERSION = YES;
				CLANG_WARN_COMMA = YES;
				CLANG_WARN_CONSTANT_CONVERSION = YES;
				CLANG_WARN_DEPRECATED_OBJC_IMPLEMENTATIONS = YES;
				CLANG_WARN_DIRECT_OBJC_ISA_USAGE = YES_ERROR;
				CLANG_WARN_DOCUMENTATION_COMMENTS = YES;
				CLANG_WARN_EMPTY_BODY = YES;
				CLANG_WARN_ENUM_CONVERSION = YES;
				CLANG_WARN_INFINITE_RECURSION = YES;
				CLANG_WARN_INT_CONVERSION = YES;
				CLANG_WARN_NON_LITERAL_NULL_CONVERSION = YES;
				CLANG_WARN_OBJC_IMPLICIT_RETAIN_SELF = YES;
				CLANG_WARN_OBJC_LITERAL_CONVERSION = YES;
				CLANG_WARN_OBJC_ROOT_CLASS = YES_ERROR;
				CLANG_WARN_RANGE_LOOP_ANALYSIS = YES;
				CLANG_WARN_STRICT_PROTOTYPES = YES;
				CLANG_WARN_SUSPICIOUS_MOVE = YES;
				CLANG_WARN_UNGUARDED_AVAILABILITY = YES_AGGRESSIVE;
				CLANG_WARN_UNREACHABLE_CODE = YES;
				CLANG_WARN__DUPLICATE_METHOD_MATCH = YES;
				COPY_PHASE_STRIP = NO;
				DEBUG_INFORMATION_FORMAT = "dwarf-with-dsym";
				ENABLE_NS_ASSERTIONS = NO;
				ENABLE_STRICT_OBJC_MSGSEND = YES;
				GCC_C_LANGUAGE_STANDARD = gnu11;
				GCC_NO_COMMON_BLOCKS = YES;
				GCC_WARN_64_TO_32_BIT_CONVERSION = YES;
				GCC_WARN_ABOUT_RETURN_TYPE = YES_ERROR;
				GCC_WARN_UNDECLARED_SELECTOR = YES;
				GCC_WARN_UNINITIALIZED_AUTOS = YES_AGGRESSIVE;
				GCC_WARN_UNUSED_FUNCTION = YES;
				GCC_WARN_UNUSED_VARIABLE = YES;
				IPHONEOS_DEPLOYMENT_TARGET = 13.4;
				MTL_ENABLE_DEBUG_INFO = NO;
				MTL_FAST_MATH = YES;
				SDKROOT = iphoneos;
				SWIFT_COMPILATION_MODE = wholemodule;
				SWIFT_OPTIMIZATION_LEVEL = "-O";
				VALIDATE_PRODUCT = YES;
			};
			name = Release;
		};
		1F2157FF2469235400B09F46 /* Debug */ = {
			isa = XCBuildConfiguration;
			baseConfigurationReference = 85B9D70D610292BA8A50F3DC /* Pods-Parstagram.debug.xcconfig */;
			buildSettings = {
				ASSETCATALOG_COMPILER_APPICON_NAME = AppIcon;
				CODE_SIGN_STYLE = Automatic;
				INFOPLIST_FILE = Parstagram/Info.plist;
				LD_RUNPATH_SEARCH_PATHS = (
					"$(inherited)",
					"@executable_path/Frameworks",
				);
				PRODUCT_BUNDLE_IDENTIFIER = codepath.Parstagram;
				PRODUCT_NAME = "$(TARGET_NAME)";
				SWIFT_VERSION = 5.0;
				TARGETED_DEVICE_FAMILY = "1,2";
			};
			name = Debug;
		};
		1F2158002469235400B09F46 /* Release */ = {
			isa = XCBuildConfiguration;
			baseConfigurationReference = EE4FA42AEC0E878DAA2411B1 /* Pods-Parstagram.release.xcconfig */;
			buildSettings = {
				ASSETCATALOG_COMPILER_APPICON_NAME = AppIcon;
				CODE_SIGN_STYLE = Automatic;
				INFOPLIST_FILE = Parstagram/Info.plist;
				LD_RUNPATH_SEARCH_PATHS = (
					"$(inherited)",
					"@executable_path/Frameworks",
				);
				PRODUCT_BUNDLE_IDENTIFIER = codepath.Parstagram;
				PRODUCT_NAME = "$(TARGET_NAME)";
				SWIFT_VERSION = 5.0;
				TARGETED_DEVICE_FAMILY = "1,2";
			};
			name = Release;
		};
		1F2158022469235400B09F46 /* Debug */ = {
			isa = XCBuildConfiguration;
			baseConfigurationReference = E683E7C402D499056C326D32 /* Pods-ParstagramTests.debug.xcconfig */;
			buildSettings = {
				ALWAYS_EMBED_SWIFT_STANDARD_LIBRARIES = YES;
				BUNDLE_LOADER = "$(TEST_HOST)";
				CODE_SIGN_STYLE = Automatic;
				INFOPLIST_FILE = ParstagramTests/Info.plist;
				IPHONEOS_DEPLOYMENT_TARGET = 13.4;
				LD_RUNPATH_SEARCH_PATHS = (
					"$(inherited)",
					"@executable_path/Frameworks",
					"@loader_path/Frameworks",
				);
				PRODUCT_BUNDLE_IDENTIFIER = codepath.ParstagramTests;
				PRODUCT_NAME = "$(TARGET_NAME)";
				SWIFT_VERSION = 5.0;
				TARGETED_DEVICE_FAMILY = "1,2";
				TEST_HOST = "$(BUILT_PRODUCTS_DIR)/Parstagram.app/Parstagram";
			};
			name = Debug;
		};
		1F2158032469235400B09F46 /* Release */ = {
			isa = XCBuildConfiguration;
			baseConfigurationReference = 3533E3A1BAE7F87F337D76FA /* Pods-ParstagramTests.release.xcconfig */;
			buildSettings = {
				ALWAYS_EMBED_SWIFT_STANDARD_LIBRARIES = YES;
				BUNDLE_LOADER = "$(TEST_HOST)";
				CODE_SIGN_STYLE = Automatic;
				INFOPLIST_FILE = ParstagramTests/Info.plist;
				IPHONEOS_DEPLOYMENT_TARGET = 13.4;
				LD_RUNPATH_SEARCH_PATHS = (
					"$(inherited)",
					"@executable_path/Frameworks",
					"@loader_path/Frameworks",
				);
				PRODUCT_BUNDLE_IDENTIFIER = codepath.ParstagramTests;
				PRODUCT_NAME = "$(TARGET_NAME)";
				SWIFT_VERSION = 5.0;
				TARGETED_DEVICE_FAMILY = "1,2";
				TEST_HOST = "$(BUILT_PRODUCTS_DIR)/Parstagram.app/Parstagram";
			};
			name = Release;
		};
		1F2158052469235400B09F46 /* Debug */ = {
			isa = XCBuildConfiguration;
			baseConfigurationReference = A7DABE627519BEFD82664B06 /* Pods-Parstagram-ParstagramUITests.debug.xcconfig */;
			buildSettings = {
				ALWAYS_EMBED_SWIFT_STANDARD_LIBRARIES = YES;
				CODE_SIGN_STYLE = Automatic;
				INFOPLIST_FILE = ParstagramUITests/Info.plist;
				LD_RUNPATH_SEARCH_PATHS = (
					"$(inherited)",
					"@executable_path/Frameworks",
					"@loader_path/Frameworks",
				);
				PRODUCT_BUNDLE_IDENTIFIER = codepath.ParstagramUITests;
				PRODUCT_NAME = "$(TARGET_NAME)";
				SWIFT_VERSION = 5.0;
				TARGETED_DEVICE_FAMILY = "1,2";
				TEST_TARGET_NAME = Parstagram;
			};
			name = Debug;
		};
		1F2158062469235400B09F46 /* Release */ = {
			isa = XCBuildConfiguration;
			baseConfigurationReference = 7A8DA3525EE08181FC1BF073 /* Pods-Parstagram-ParstagramUITests.release.xcconfig */;
			buildSettings = {
				ALWAYS_EMBED_SWIFT_STANDARD_LIBRARIES = YES;
				CODE_SIGN_STYLE = Automatic;
				INFOPLIST_FILE = ParstagramUITests/Info.plist;
				LD_RUNPATH_SEARCH_PATHS = (
					"$(inherited)",
					"@executable_path/Frameworks",
					"@loader_path/Frameworks",
				);
				PRODUCT_BUNDLE_IDENTIFIER = codepath.ParstagramUITests;
				PRODUCT_NAME = "$(TARGET_NAME)";
				SWIFT_VERSION = 5.0;
				TARGETED_DEVICE_FAMILY = "1,2";
				TEST_TARGET_NAME = Parstagram;
			};
			name = Release;
		};
/* End XCBuildConfiguration section */

/* Begin XCConfigurationList section */
		1F2157CF2469235200B09F46 /* Build configuration list for PBXProject "Parstagram" */ = {
			isa = XCConfigurationList;
			buildConfigurations = (
				1F2157FC2469235400B09F46 /* Debug */,
				1F2157FD2469235400B09F46 /* Release */,
			);
			defaultConfigurationIsVisible = 0;
			defaultConfigurationName = Release;
		};
		1F2157FE2469235400B09F46 /* Build configuration list for PBXNativeTarget "Parstagram" */ = {
			isa = XCConfigurationList;
			buildConfigurations = (
				1F2157FF2469235400B09F46 /* Debug */,
				1F2158002469235400B09F46 /* Release */,
			);
			defaultConfigurationIsVisible = 0;
			defaultConfigurationName = Release;
		};
		1F2158012469235400B09F46 /* Build configuration list for PBXNativeTarget "ParstagramTests" */ = {
			isa = XCConfigurationList;
			buildConfigurations = (
				1F2158022469235400B09F46 /* Debug */,
				1F2158032469235400B09F46 /* Release */,
			);
			defaultConfigurationIsVisible = 0;
			defaultConfigurationName = Release;
		};
		1F2158042469235400B09F46 /* Build configuration list for PBXNativeTarget "ParstagramUITests" */ = {
			isa = XCConfigurationList;
			buildConfigurations = (
				1F2158052469235400B09F46 /* Debug */,
				1F2158062469235400B09F46 /* Release */,
			);
			defaultConfigurationIsVisible = 0;
			defaultConfigurationName = Release;
		};
/* End XCConfigurationList section */
	};
	rootObject = 1F2157CC2469235200B09F46 /* Project object */;
}
